
Microsoft Visual Studio Solution File, Format Version 12.00
# Visual Studio 15
VisualStudioVersion = 15.0.26403.3
MinimumVisualStudioVersion = 10.0.40219.1
Project("{FAE04EC0-301F-11D3-BF4B-00C04F79EFBC}") = "Azure-MySQLInApp", "Azure-MySQLInApp\Azure-MySQLInApp.csproj", "{BE7FBCC1-5518-4553-88D6-E77C6E1A818B}"
EndProject
Global
	GlobalSection(SolutionConfigurationPlatforms) = preSolution
		Debug|Any CPU = Debug|Any CPU
		Release|Any CPU = Release|Any CPU
	EndGlobalSection
	GlobalSection(ProjectConfigurationPlatforms) = postSolution
		{BE7FBCC1-5518-4553-88D6-E77C6E1A818B}.Debug|Any CPU.ActiveCfg = Debug|Any CPU
		{BE7FBCC1-5518-4553-88D6-E77C6E1A818B}.Debug|Any CPU.Build.0 = Debug|Any CPU
		{BE7FBCC1-5518-4553-88D6-E77C6E1A818B}.Release|Any CPU.ActiveCfg = Release|Any CPU
		{BE7FBCC1-5518-4553-88D6-E77C6E1A818B}.Release|Any CPU.Build.0 = Release|Any CPU
	EndGlobalSection
	GlobalSection(SolutionProperties) = preSolution
		HideSolutionNode = FALSE
	EndGlobalSection
EndGlobal
